
Microsoft Visual Studio Solution File, Format Version 11.00
# Visual Studio 2010
Project("{888888A0-9F3D-457C-B088-3A5042F75D52}") = "HelloWorld", "HelloWorld\HelloWorld.pyproj", "{0A2EE284-488E-464D-80E6-5CFE7FF0E5AC}"
EndProject
Global
	GlobalSection(SolutionConfigurationPlatforms) = preSolution
		Debug|Any CPU = Debug|Any CPU
		Release|Any CPU = Release|Any CPU
	EndGlobalSection
	GlobalSection(ProjectConfigurationPlatforms) = postSolution
		{0A2EE284-488E-464D-80E6-5CFE7FF0E5AC}.Debug|Any CPU.ActiveCfg = Debug|Any CPU
		{0A2EE284-488E-464D-80E6-5CFE7FF0E5AC}.Release|Any CPU.ActiveCfg = Release|Any CPU
	EndGlobalSection
	GlobalSection(SolutionProperties) = preSolution
		HideSolutionNode = FALSE
	EndGlobalSection
EndGlobal
