
Microsoft Visual Studio Solution File, Format Version 11.00
# Visual Studio 2010
Project("{888888A0-9F3D-457C-B088-3A5042F75D52}") = "Scheduler", "Scheduler\Scheduler.pyproj", "{495E1B14-BB27-41BC-86A8-223D6EA00AB6}"
EndProject
Global
	GlobalSection(SolutionConfigurationPlatforms) = preSolution
		Debug|Any CPU = Debug|Any CPU
		Release|Any CPU = Release|Any CPU
	EndGlobalSection
	GlobalSection(ProjectConfigurationPlatforms) = postSolution
		{495E1B14-BB27-41BC-86A8-223D6EA00AB6}.Debug|Any CPU.ActiveCfg = Debug|Any CPU
		{495E1B14-BB27-41BC-86A8-223D6EA00AB6}.Release|Any CPU.ActiveCfg = Release|Any CPU
	EndGlobalSection
	GlobalSection(SolutionProperties) = preSolution
		HideSolutionNode = FALSE
	EndGlobalSection
EndGlobal
